// !$*UTF8*$!
{
	archiveVersion = 1;
	classes = {
	};
	objectVersion = 56;
	objects = {

/* Begin PBXBuildFile section */
		4B90CF342940D96B006138EF /* DividendWalletApp.swift in Sources */ = {isa = PBXBuildFile; fileRef = 4B90CF332940D96B006138EF /* DividendWalletApp.swift */; };
		4B90CF362940D96B006138EF /* ContentView.swift in Sources */ = {isa = PBXBuildFile; fileRef = 4B90CF352940D96B006138EF /* ContentView.swift */; };
		4B90CF382940D96C006138EF /* Assets.xcassets in Resources */ = {isa = PBXBuildFile; fileRef = 4B90CF372940D96C006138EF /* Assets.xcassets */; };
		4B90CF3B2940D96C006138EF /* Preview Assets.xcassets in Resources */ = {isa = PBXBuildFile; fileRef = 4B90CF3A2940D96C006138EF /* Preview Assets.xcassets */; };
		4B90CF462940E7C2006138EF /* PortfolioListRowView.swift in Sources */ = {isa = PBXBuildFile; fileRef = 4B90CF452940E7C2006138EF /* PortfolioListRowView.swift */; };
		4B90CF4A2940E80D006138EF /* PortfolioListView.swift in Sources */ = {isa = PBXBuildFile; fileRef = 4B90CF492940E80D006138EF /* PortfolioListView.swift */; };
		4B90CF542941054D006138EF /* YFQuoteResponseModel.swift in Sources */ = {isa = PBXBuildFile; fileRef = 4B90CF532941054D006138EF /* YFQuoteResponseModel.swift */; };
		4B90CF5629411225006138EF /* YFApiClient.swift in Sources */ = {isa = PBXBuildFile; fileRef = 4B90CF5529411225006138EF /* YFApiClient.swift */; };
		4B90CF5929411F02006138EF /* Constants.swift in Sources */ = {isa = PBXBuildFile; fileRef = 4B90CF5829411F02006138EF /* Constants.swift */; };
		4B90CF5F29415BED006138EF /* YFChartModel.swift in Sources */ = {isa = PBXBuildFile; fileRef = 4B90CF5E29415BED006138EF /* YFChartModel.swift */; };
		4B90CF6129416D71006138EF /* PortfolioHeaderView.swift in Sources */ = {isa = PBXBuildFile; fileRef = 4B90CF6029416D71006138EF /* PortfolioHeaderView.swift */; };
		4B90CF6329417E76006138EF /* Helper.swift in Sources */ = {isa = PBXBuildFile; fileRef = 4B90CF6229417E76006138EF /* Helper.swift */; };
		4B90CF6B2941A24D006138EF /* PortfolioView.swift in Sources */ = {isa = PBXBuildFile; fileRef = 4B90CF6A2941A24D006138EF /* PortfolioView.swift */; };
/* End PBXBuildFile section */

/* Begin PBXFileReference section */
		4B90CF302940D96B006138EF /* DividendWallet.app */ = {isa = PBXFileReference; explicitFileType = wrapper.application; includeInIndex = 0; path = DividendWallet.app; sourceTree = BUILT_PRODUCTS_DIR; };
		4B90CF332940D96B006138EF /* DividendWalletApp.swift */ = {isa = PBXFileReference; lastKnownFileType = sourcecode.swift; path = DividendWalletApp.swift; sourceTree = "<group>"; };
		4B90CF352940D96B006138EF /* ContentView.swift */ = {isa = PBXFileReference; lastKnownFileType = sourcecode.swift; path = ContentView.swift; sourceTree = "<group>"; };
		4B90CF372940D96C006138EF /* Assets.xcassets */ = {isa = PBXFileReference; lastKnownFileType = folder.assetcatalog; path = Assets.xcassets; sourceTree = "<group>"; };
		4B90CF3A2940D96C006138EF /* Preview Assets.xcassets */ = {isa = PBXFileReference; lastKnownFileType = folder.assetcatalog; path = "Preview Assets.xcassets"; sourceTree = "<group>"; };
		4B90CF3C2940D96C006138EF /* DividendWallet.entitlements */ = {isa = PBXFileReference; lastKnownFileType = text.plist.entitlements; path = DividendWallet.entitlements; sourceTree = "<group>"; };
		4B90CF452940E7C2006138EF /* PortfolioListRowView.swift */ = {isa = PBXFileReference; lastKnownFileType = sourcecode.swift; path = PortfolioListRowView.swift; sourceTree = "<group>"; };
		4B90CF492940E80D006138EF /* PortfolioListView.swift */ = {isa = PBXFileReference; lastKnownFileType = sourcecode.swift; path = PortfolioListView.swift; sourceTree = "<group>"; };
		4B90CF532941054D006138EF /* YFQuoteResponseModel.swift */ = {isa = PBXFileReference; lastKnownFileType = sourcecode.swift; path = YFQuoteResponseModel.swift; sourceTree = "<group>"; };
		4B90CF5529411225006138EF /* YFApiClient.swift */ = {isa = PBXFileReference; lastKnownFileType = sourcecode.swift; path = YFApiClient.swift; sourceTree = "<group>"; };
		4B90CF5829411F02006138EF /* Constants.swift */ = {isa = PBXFileReference; lastKnownFileType = sourcecode.swift; path = Constants.swift; sourceTree = "<group>"; };
		4B90CF5E29415BED006138EF /* YFChartModel.swift */ = {isa = PBXFileReference; lastKnownFileType = sourcecode.swift; path = YFChartModel.swift; sourceTree = "<group>"; };
		4B90CF6029416D71006138EF /* PortfolioHeaderView.swift */ = {isa = PBXFileReference; lastKnownFileType = sourcecode.swift; path = PortfolioHeaderView.swift; sourceTree = "<group>"; };
		4B90CF6229417E76006138EF /* Helper.swift */ = {isa = PBXFileReference; lastKnownFileType = sourcecode.swift; path = Helper.swift; sourceTree = "<group>"; };
		4B90CF6A2941A24D006138EF /* PortfolioView.swift */ = {isa = PBXFileReference; lastKnownFileType = sourcecode.swift; path = PortfolioView.swift; sourceTree = "<group>"; };
/* End PBXFileReference section */

/* Begin PBXFrameworksBuildPhase section */
		4B90CF2D2940D96B006138EF /* Frameworks */ = {
			isa = PBXFrameworksBuildPhase;
			buildActionMask = 2147483647;
			files = (
			);
			runOnlyForDeploymentPostprocessing = 0;
		};
/* End PBXFrameworksBuildPhase section */

/* Begin PBXGroup section */
		4B90CF272940D96B006138EF = {
			isa = PBXGroup;
			children = (
				4B90CF322940D96B006138EF /* DividendWallet */,
				4B90CF312940D96B006138EF /* Products */,
			);
			sourceTree = "<group>";
		};
		4B90CF312940D96B006138EF /* Products */ = {
			isa = PBXGroup;
			children = (
				4B90CF302940D96B006138EF /* DividendWallet.app */,
			);
			name = Products;
			sourceTree = "<group>";
		};
		4B90CF322940D96B006138EF /* DividendWallet */ = {
			isa = PBXGroup;
			children = (
				4B90CF5A29414DFE006138EF /* Views */,
				4B90CF5729411EF9006138EF /* Common */,
				4B90CF4F294103D9006138EF /* Network */,
				4B90CF332940D96B006138EF /* DividendWalletApp.swift */,
				4B90CF352940D96B006138EF /* ContentView.swift */,
				4B90CF372940D96C006138EF /* Assets.xcassets */,
				4B90CF3C2940D96C006138EF /* DividendWallet.entitlements */,
				4B90CF392940D96C006138EF /* Preview Content */,
			);
			path = DividendWallet;
			sourceTree = "<group>";
		};
		4B90CF392940D96C006138EF /* Preview Content */ = {
			isa = PBXGroup;
			children = (
				4B90CF3A2940D96C006138EF /* Preview Assets.xcassets */,
			);
			path = "Preview Content";
			sourceTree = "<group>";
		};
		4B90CF422940E787006138EF /* Portfolio */ = {
			isa = PBXGroup;
			children = (
				4B90CF452940E7C2006138EF /* PortfolioListRowView.swift */,
				4B90CF492940E80D006138EF /* PortfolioListView.swift */,
				4B90CF6029416D71006138EF /* PortfolioHeaderView.swift */,
				4B90CF6A2941A24D006138EF /* PortfolioView.swift */,
			);
			path = Portfolio;
			sourceTree = "<group>";
		};
		4B90CF4F294103D9006138EF /* Network */ = {
			isa = PBXGroup;
			children = (
				4B90CF50294103E4006138EF /* YahooFinance */,
			);
			path = Network;
			sourceTree = "<group>";
		};
		4B90CF50294103E4006138EF /* YahooFinance */ = {
			isa = PBXGroup;
			children = (
				4B90CF532941054D006138EF /* YFQuoteResponseModel.swift */,
				4B90CF5529411225006138EF /* YFApiClient.swift */,
				4B90CF5E29415BED006138EF /* YFChartModel.swift */,
			);
			path = YahooFinance;
			sourceTree = "<group>";
		};
		4B90CF5729411EF9006138EF /* Common */ = {
			isa = PBXGroup;
			children = (
				4B90CF5829411F02006138EF /* Constants.swift */,
				4B90CF6229417E76006138EF /* Helper.swift */,
			);
			path = Common;
			sourceTree = "<group>";
		};
		4B90CF5A29414DFE006138EF /* Views */ = {
			isa = PBXGroup;
			children = (
				4B90CF422940E787006138EF /* Portfolio */,
			);
			path = Views;
			sourceTree = "<group>";
		};
/* End PBXGroup section */

/* Begin PBXNativeTarget section */
		4B90CF2F2940D96B006138EF /* DividendWallet */ = {
			isa = PBXNativeTarget;
			buildConfigurationList = 4B90CF3F2940D96C006138EF /* Build configuration list for PBXNativeTarget "DividendWallet" */;
			buildPhases = (
				4B90CF2C2940D96B006138EF /* Sources */,
				4B90CF2D2940D96B006138EF /* Frameworks */,
				4B90CF2E2940D96B006138EF /* Resources */,
			);
			buildRules = (
			);
			dependencies = (
			);
			name = DividendWallet;
			productName = DividendWallet;
			productReference = 4B90CF302940D96B006138EF /* DividendWallet.app */;
			productType = "com.apple.product-type.application";
		};
/* End PBXNativeTarget section */

/* Begin PBXProject section */
		4B90CF282940D96B006138EF /* Project object */ = {
			isa = PBXProject;
			attributes = {
				BuildIndependentTargetsInParallel = 1;
				LastSwiftUpdateCheck = 1410;
				LastUpgradeCheck = 1410;
				TargetAttributes = {
					4B90CF2F2940D96B006138EF = {
						CreatedOnToolsVersion = 14.1;
					};
				};
			};
			buildConfigurationList = 4B90CF2B2940D96B006138EF /* Build configuration list for PBXProject "DividendWallet" */;
			compatibilityVersion = "Xcode 14.0";
			developmentRegion = en;
			hasScannedForEncodings = 0;
			knownRegions = (
				en,
				Base,
			);
			mainGroup = 4B90CF272940D96B006138EF;
			productRefGroup = 4B90CF312940D96B006138EF /* Products */;
			projectDirPath = "";
			projectRoot = "";
			targets = (
				4B90CF2F2940D96B006138EF /* DividendWallet */,
			);
		};
/* End PBXProject section */

/* Begin PBXResourcesBuildPhase section */
		4B90CF2E2940D96B006138EF /* Resources */ = {
			isa = PBXResourcesBuildPhase;
			buildActionMask = 2147483647;
			files = (
				4B90CF3B2940D96C006138EF /* Preview Assets.xcassets in Resources */,
				4B90CF382940D96C006138EF /* Assets.xcassets in Resources */,
			);
			runOnlyForDeploymentPostprocessing = 0;
		};
/* End PBXResourcesBuildPhase section */

/* Begin PBXSourcesBuildPhase section */
		4B90CF2C2940D96B006138EF /* Sources */ = {
			isa = PBXSourcesBuildPhase;
			buildActionMask = 2147483647;
			files = (
				4B90CF4A2940E80D006138EF /* PortfolioListView.swift in Sources */,
				4B90CF542941054D006138EF /* YFQuoteResponseModel.swift in Sources */,
				4B90CF462940E7C2006138EF /* PortfolioListRowView.swift in Sources */,
				4B90CF362940D96B006138EF /* ContentView.swift in Sources */,
				4B90CF342940D96B006138EF /* DividendWalletApp.swift in Sources */,
				4B90CF6129416D71006138EF /* PortfolioHeaderView.swift in Sources */,
				4B90CF5629411225006138EF /* YFApiClient.swift in Sources */,
				4B90CF6329417E76006138EF /* Helper.swift in Sources */,
				4B90CF6B2941A24D006138EF /* PortfolioView.swift in Sources */,
				4B90CF5F29415BED006138EF /* YFChartModel.swift in Sources */,
				4B90CF5929411F02006138EF /* Constants.swift in Sources */,
			);
			runOnlyForDeploymentPostprocessing = 0;
		};
/* End PBXSourcesBuildPhase section */

/* Begin XCBuildConfiguration section */
		4B90CF3D2940D96C006138EF /* Debug */ = {
			isa = XCBuildConfiguration;
			buildSettings = {
				ALWAYS_SEARCH_USER_PATHS = NO;
				CLANG_ANALYZER_NONNULL = YES;
				CLANG_ANALYZER_NUMBER_OBJECT_CONVERSION = YES_AGGRESSIVE;
				CLANG_CXX_LANGUAGE_STANDARD = "gnu++20";
				CLANG_ENABLE_MODULES = YES;
				CLANG_ENABLE_OBJC_ARC = YES;
				CLANG_ENABLE_OBJC_WEAK = YES;
				CLANG_WARN_BLOCK_CAPTURE_AUTORELEASING = YES;
				CLANG_WARN_BOOL_CONVERSION = YES;
				CLANG_WARN_COMMA = YES;
				CLANG_WARN_CONSTANT_CONVERSION = YES;
				CLANG_WARN_DEPRECATED_OBJC_IMPLEMENTATIONS = YES;
				CLANG_WARN_DIRECT_OBJC_ISA_USAGE = YES_ERROR;
				CLANG_WARN_DOCUMENTATION_COMMENTS = YES;
				CLANG_WARN_EMPTY_BODY = YES;
				CLANG_WARN_ENUM_CONVERSION = YES;
				CLANG_WARN_INFINITE_RECURSION = YES;
				CLANG_WARN_INT_CONVERSION = YES;
				CLANG_WARN_NON_LITERAL_NULL_CONVERSION = YES;
				CLANG_WARN_OBJC_IMPLICIT_RETAIN_SELF = YES;
				CLANG_WARN_OBJC_LITERAL_CONVERSION = YES;
				CLANG_WARN_OBJC_ROOT_CLASS = YES_ERROR;
				CLANG_WARN_QUOTED_INCLUDE_IN_FRAMEWORK_HEADER = YES;
				CLANG_WARN_RANGE_LOOP_ANALYSIS = YES;
				CLANG_WARN_STRICT_PROTOTYPES = YES;
				CLANG_WARN_SUSPICIOUS_MOVE = YES;
				CLANG_WARN_UNGUARDED_AVAILABILITY = YES_AGGRESSIVE;
				CLANG_WARN_UNREACHABLE_CODE = YES;
				CLANG_WARN__DUPLICATE_METHOD_MATCH = YES;
				COPY_PHASE_STRIP = NO;
				DEBUG_INFORMATION_FORMAT = dwarf;
				ENABLE_STRICT_OBJC_MSGSEND = YES;
				ENABLE_TESTABILITY = YES;
				GCC_C_LANGUAGE_STANDARD = gnu11;
				GCC_DYNAMIC_NO_PIC = NO;
				GCC_NO_COMMON_BLOCKS = YES;
				GCC_OPTIMIZATION_LEVEL = 0;
				GCC_PREPROCESSOR_DEFINITIONS = (
					"DEBUG=1",
					"$(inherited)",
				);
				GCC_WARN_64_TO_32_BIT_CONVERSION = YES;
				GCC_WARN_ABOUT_RETURN_TYPE = YES_ERROR;
				GCC_WARN_UNDECLARED_SELECTOR = YES;
				GCC_WARN_UNINITIALIZED_AUTOS = YES_AGGRESSIVE;
				GCC_WARN_UNUSED_FUNCTION = YES;
				GCC_WARN_UNUSED_VARIABLE = YES;
				MACOSX_DEPLOYMENT_TARGET = 13.0;
				MTL_ENABLE_DEBUG_INFO = INCLUDE_SOURCE;
				MTL_FAST_MATH = YES;
				ONLY_ACTIVE_ARCH = YES;
				SDKROOT = macosx;
				SWIFT_ACTIVE_COMPILATION_CONDITIONS = DEBUG;
				SWIFT_OPTIMIZATION_LEVEL = "-Onone";
			};
			name = Debug;
		};
		4B90CF3E2940D96C006138EF /* Release */ = {
			isa = XCBuildConfiguration;
			buildSettings = {
				ALWAYS_SEARCH_USER_PATHS = NO;
				CLANG_ANALYZER_NONNULL = YES;
				CLANG_ANALYZER_NUMBER_OBJECT_CONVERSION = YES_AGGRESSIVE;
				CLANG_CXX_LANGUAGE_STANDARD = "gnu++20";
				CLANG_ENABLE_MODULES = YES;
				CLANG_ENABLE_OBJC_ARC = YES;
				CLANG_ENABLE_OBJC_WEAK = YES;
				CLANG_WARN_BLOCK_CAPTURE_AUTORELEASING = YES;
				CLANG_WARN_BOOL_CONVERSION = YES;
				CLANG_WARN_COMMA = YES;
				CLANG_WARN_CONSTANT_CONVERSION = YES;
				CLANG_WARN_DEPRECATED_OBJC_IMPLEMENTATIONS = YES;
				CLANG_WARN_DIRECT_OBJC_ISA_USAGE = YES_ERROR;
				CLANG_WARN_DOCUMENTATION_COMMENTS = YES;
				CLANG_WARN_EMPTY_BODY = YES;
				CLANG_WARN_ENUM_CONVERSION = YES;
				CLANG_WARN_INFINITE_RECURSION = YES;
				CLANG_WARN_INT_CONVERSION = YES;
				CLANG_WARN_NON_LITERAL_NULL_CONVERSION = YES;
				CLANG_WARN_OBJC_IMPLICIT_RETAIN_SELF = YES;
				CLANG_WARN_OBJC_LITERAL_CONVERSION = YES;
				CLANG_WARN_OBJC_ROOT_CLASS = YES_ERROR;
				CLANG_WARN_QUOTED_INCLUDE_IN_FRAMEWORK_HEADER = YES;
				CLANG_WARN_RANGE_LOOP_ANALYSIS = YES;
				CLANG_WARN_STRICT_PROTOTYPES = YES;
				CLANG_WARN_SUSPICIOUS_MOVE = YES;
				CLANG_WARN_UNGUARDED_AVAILABILITY = YES_AGGRESSIVE;
				CLANG_WARN_UNREACHABLE_CODE = YES;
				CLANG_WARN__DUPLICATE_METHOD_MATCH = YES;
				COPY_PHASE_STRIP = NO;
				DEBUG_INFORMATION_FORMAT = "dwarf-with-dsym";
				ENABLE_NS_ASSERTIONS = NO;
				ENABLE_STRICT_OBJC_MSGSEND = YES;
				GCC_C_LANGUAGE_STANDARD = gnu11;
				GCC_NO_COMMON_BLOCKS = YES;
				GCC_WARN_64_TO_32_BIT_CONVERSION = YES;
				GCC_WARN_ABOUT_RETURN_TYPE = YES_ERROR;
				GCC_WARN_UNDECLARED_SELECTOR = YES;
				GCC_WARN_UNINITIALIZED_AUTOS = YES_AGGRESSIVE;
				GCC_WARN_UNUSED_FUNCTION = YES;
				GCC_WARN_UNUSED_VARIABLE = YES;
				MACOSX_DEPLOYMENT_TARGET = 13.0;
				MTL_ENABLE_DEBUG_INFO = NO;
				MTL_FAST_MATH = YES;
				SDKROOT = macosx;
				SWIFT_COMPILATION_MODE = wholemodule;
				SWIFT_OPTIMIZATION_LEVEL = "-O";
			};
			name = Release;
		};
		4B90CF402940D96C006138EF /* Debug */ = {
			isa = XCBuildConfiguration;
			buildSettings = {
				ASSETCATALOG_COMPILER_APPICON_NAME = AppIcon;
				ASSETCATALOG_COMPILER_GLOBAL_ACCENT_COLOR_NAME = AccentColor;
				CODE_SIGN_ENTITLEMENTS = DividendWallet/DividendWallet.entitlements;
				CODE_SIGN_STYLE = Automatic;
				COMBINE_HIDPI_IMAGES = YES;
				CURRENT_PROJECT_VERSION = 1;
				DEVELOPMENT_ASSET_PATHS = "\"DividendWallet/Preview Content\"";
				ENABLE_PREVIEWS = YES;
				GENERATE_INFOPLIST_FILE = YES;
				INFOPLIST_KEY_NSHumanReadableCopyright = "";
				LD_RUNPATH_SEARCH_PATHS = (
					"$(inherited)",
					"@executable_path/../Frameworks",
				);
				MARKETING_VERSION = 1.0;
				PRODUCT_BUNDLE_IDENTIFIER = com.jching.DividendWallet;
				PRODUCT_NAME = "$(TARGET_NAME)";
				SWIFT_EMIT_LOC_STRINGS = YES;
				SWIFT_VERSION = 5.0;
			};
			name = Debug;
		};
		4B90CF412940D96C006138EF /* Release */ = {
			isa = XCBuildConfiguration;
			buildSettings = {
				ASSETCATALOG_COMPILER_APPICON_NAME = AppIcon;
				ASSETCATALOG_COMPILER_GLOBAL_ACCENT_COLOR_NAME = AccentColor;
				CODE_SIGN_ENTITLEMENTS = DividendWallet/DividendWallet.entitlements;
				CODE_SIGN_STYLE = Automatic;
				COMBINE_HIDPI_IMAGES = YES;
				CURRENT_PROJECT_VERSION = 1;
				DEVELOPMENT_ASSET_PATHS = "\"DividendWallet/Preview Content\"";
				ENABLE_PREVIEWS = YES;
				GENERATE_INFOPLIST_FILE = YES;
				INFOPLIST_KEY_NSHumanReadableCopyright = "";
				LD_RUNPATH_SEARCH_PATHS = (
					"$(inherited)",
					"@executable_path/../Frameworks",
				);
				MARKETING_VERSION = 1.0;
				PRODUCT_BUNDLE_IDENTIFIER = com.jching.DividendWallet;
				PRODUCT_NAME = "$(TARGET_NAME)";
				SWIFT_EMIT_LOC_STRINGS = YES;
				SWIFT_VERSION = 5.0;
			};
			name = Release;
		};
/* End XCBuildConfiguration section */

/* Begin XCConfigurationList section */
		4B90CF2B2940D96B006138EF /* Build configuration list for PBXProject "DividendWallet" */ = {
			isa = XCConfigurationList;
			buildConfigurations = (
				4B90CF3D2940D96C006138EF /* Debug */,
				4B90CF3E2940D96C006138EF /* Release */,
			);
			defaultConfigurationIsVisible = 0;
			defaultConfigurationName = Release;
		};
		4B90CF3F2940D96C006138EF /* Build configuration list for PBXNativeTarget "DividendWallet" */ = {
			isa = XCConfigurationList;
			buildConfigurations = (
				4B90CF402940D96C006138EF /* Debug */,
				4B90CF412940D96C006138EF /* Release */,
			);
			defaultConfigurationIsVisible = 0;
			defaultConfigurationName = Release;
		};
/* End XCConfigurationList section */
	};
	rootObject = 4B90CF282940D96B006138EF /* Project object */;
}
