// !$*UTF8*$!
{
	archiveVersion = 1;
	classes = {
	};
	objectVersion = 56;
	objects = {

/* Begin PBXBuildFile section */
		4B156E43299C9FAA001E9C55 /* DividendChartView.swift in Sources */ = {isa = PBXBuildFile; fileRef = 4B156E42299C9FAA001E9C55 /* DividendChartView.swift */; };
		4B366FD52977A26C00FBF721 /* SwiftSoup in Frameworks */ = {isa = PBXBuildFile; productRef = 4B366FD42977A26C00FBF721 /* SwiftSoup */; };
		4B366FD82977A6A400FBF721 /* WSApiClient.swift in Sources */ = {isa = PBXBuildFile; fileRef = 4B366FD72977A6A400FBF721 /* WSApiClient.swift */; };
		4B3B054C29E1CEEE006DEB13 /* PortfolioListViewModelTests.swift in Sources */ = {isa = PBXBuildFile; fileRef = 4B3B054B29E1CEEE006DEB13 /* PortfolioListViewModelTests.swift */; };
		4B3B054D29E1D151006DEB13 /* PortfolioListViewModel.swift in Sources */ = {isa = PBXBuildFile; fileRef = 4BDBF42629E0ED0A00BE1EAA /* PortfolioListViewModel.swift */; };
		4B3B055029E1D1B6006DEB13 /* Helper.swift in Sources */ = {isa = PBXBuildFile; fileRef = 4B3B054F29E1D1B6006DEB13 /* Helper.swift */; };
		4B3B055129E1D24C006DEB13 /* PortfolioListRowViewModel.swift in Sources */ = {isa = PBXBuildFile; fileRef = 4BC8C75F294D606600434B2F /* PortfolioListRowViewModel.swift */; };
		4B3B055229E1D24C006DEB13 /* PortfolioListEventsRowViewModel.swift in Sources */ = {isa = PBXBuildFile; fileRef = 4BD6BAE5295A83C4009577DE /* PortfolioListEventsRowViewModel.swift */; };
		4B4104352956800E00D8B706 /* YFQuoteSummaryModel.swift in Sources */ = {isa = PBXBuildFile; fileRef = 4B4104342956800E00D8B706 /* YFQuoteSummaryModel.swift */; };
		4B52AE5B29DFC677001132C3 /* NotificationCenterManager.swift in Sources */ = {isa = PBXBuildFile; fileRef = 4B52AE5A29DFC677001132C3 /* NotificationCenterManager.swift */; };
		4B52AE5F29DFD45A001132C3 /* PortfolioHeaderViewModelTests.swift in Sources */ = {isa = PBXBuildFile; fileRef = 4B52AE5E29DFD45A001132C3 /* PortfolioHeaderViewModelTests.swift */; };
		4B7102FF29BCEF9A004675E8 /* PortfolioHeaderSettingsViewModel.swift in Sources */ = {isa = PBXBuildFile; fileRef = 4B7102FE29BCEF9A004675E8 /* PortfolioHeaderSettingsViewModel.swift */; };
		4B74A6B82959960F00E28C4D /* PortfolioStorageProtocol.swift in Sources */ = {isa = PBXBuildFile; fileRef = 4B74A6B72959960F00E28C4D /* PortfolioStorageProtocol.swift */; };
		4B817442298A17BC007A9CD3 /* WSDividendEventModel.swift in Sources */ = {isa = PBXBuildFile; fileRef = 4B817441298A17BC007A9CD3 /* WSDividendEventModel.swift */; };
		4B82962329DFEE7800A9C1C1 /* PortfolioPositionDividendModel.swift in Sources */ = {isa = PBXBuildFile; fileRef = 4BD6BADD295A6EC6009577DE /* PortfolioPositionDividendModel.swift */; };
		4B82962429DFEE8B00A9C1C1 /* PortfolioHeaderViewModel.swift in Sources */ = {isa = PBXBuildFile; fileRef = 4B9CC79929BC1EAD00F39A74 /* PortfolioHeaderViewModel.swift */; };
		4B82962529DFEE9100A9C1C1 /* NotificationCenterManager.swift in Sources */ = {isa = PBXBuildFile; fileRef = 4B52AE5A29DFC677001132C3 /* NotificationCenterManager.swift */; };
		4B82962629DFEEE000A9C1C1 /* PortfolioPositionModel.swift in Sources */ = {isa = PBXBuildFile; fileRef = 4BC8C75D294D604500434B2F /* PortfolioPositionModel.swift */; };
		4B82962729DFEF3600A9C1C1 /* PortfolioHeaderSettingsViewModel.swift in Sources */ = {isa = PBXBuildFile; fileRef = 4B7102FE29BCEF9A004675E8 /* PortfolioHeaderSettingsViewModel.swift */; };
		4B82962829DFEF7500A9C1C1 /* PortfolioStorageProtocol.swift in Sources */ = {isa = PBXBuildFile; fileRef = 4B74A6B72959960F00E28C4D /* PortfolioStorageProtocol.swift */; };
		4B82962929DFEFDB00A9C1C1 /* Constants.swift in Sources */ = {isa = PBXBuildFile; fileRef = 4B90CF5829411F02006138EF /* Constants.swift */; };
		4B90CF342940D96B006138EF /* DividendWalletApp.swift in Sources */ = {isa = PBXBuildFile; fileRef = 4B90CF332940D96B006138EF /* DividendWalletApp.swift */; };
		4B90CF362940D96B006138EF /* ContentView.swift in Sources */ = {isa = PBXBuildFile; fileRef = 4B90CF352940D96B006138EF /* ContentView.swift */; };
		4B90CF382940D96C006138EF /* Assets.xcassets in Resources */ = {isa = PBXBuildFile; fileRef = 4B90CF372940D96C006138EF /* Assets.xcassets */; };
		4B90CF3B2940D96C006138EF /* Preview Assets.xcassets in Resources */ = {isa = PBXBuildFile; fileRef = 4B90CF3A2940D96C006138EF /* Preview Assets.xcassets */; };
		4B90CF462940E7C2006138EF /* PortfolioListRowView.swift in Sources */ = {isa = PBXBuildFile; fileRef = 4B90CF452940E7C2006138EF /* PortfolioListRowView.swift */; };
		4B90CF4A2940E80D006138EF /* PortfolioListView.swift in Sources */ = {isa = PBXBuildFile; fileRef = 4B90CF492940E80D006138EF /* PortfolioListView.swift */; };
		4B90CF542941054D006138EF /* YFQuoteResponseModel.swift in Sources */ = {isa = PBXBuildFile; fileRef = 4B90CF532941054D006138EF /* YFQuoteResponseModel.swift */; };
		4B90CF5629411225006138EF /* YFApiClient.swift in Sources */ = {isa = PBXBuildFile; fileRef = 4B90CF5529411225006138EF /* YFApiClient.swift */; };
		4B90CF5929411F02006138EF /* Constants.swift in Sources */ = {isa = PBXBuildFile; fileRef = 4B90CF5829411F02006138EF /* Constants.swift */; };
		4B90CF5F29415BED006138EF /* YFChartModel.swift in Sources */ = {isa = PBXBuildFile; fileRef = 4B90CF5E29415BED006138EF /* YFChartModel.swift */; };
		4B90CF6129416D71006138EF /* PortfolioHeaderView.swift in Sources */ = {isa = PBXBuildFile; fileRef = 4B90CF6029416D71006138EF /* PortfolioHeaderView.swift */; };
		4B90CF6329417E76006138EF /* Helper.swift in Sources */ = {isa = PBXBuildFile; fileRef = 4B90CF6229417E76006138EF /* Helper.swift */; };
		4B90CF6B2941A24D006138EF /* PortfolioView.swift in Sources */ = {isa = PBXBuildFile; fileRef = 4B90CF6A2941A24D006138EF /* PortfolioView.swift */; };
		4B90CF712941A654006138EF /* PortfolioManager.swift in Sources */ = {isa = PBXBuildFile; fileRef = 4B90CF702941A654006138EF /* PortfolioManager.swift */; };
		4B9CC79A29BC1EAD00F39A74 /* PortfolioHeaderViewModel.swift in Sources */ = {isa = PBXBuildFile; fileRef = 4B9CC79929BC1EAD00F39A74 /* PortfolioHeaderViewModel.swift */; };
		4BBE0FE4295389600018039F /* PortfolioHeaderSettingsView.swift in Sources */ = {isa = PBXBuildFile; fileRef = 4BBE0FE3295389600018039F /* PortfolioHeaderSettingsView.swift */; };
		4BC8C75E294D604500434B2F /* PortfolioPositionModel.swift in Sources */ = {isa = PBXBuildFile; fileRef = 4BC8C75D294D604500434B2F /* PortfolioPositionModel.swift */; };
		4BC8C760294D606600434B2F /* PortfolioListRowViewModel.swift in Sources */ = {isa = PBXBuildFile; fileRef = 4BC8C75F294D606600434B2F /* PortfolioListRowViewModel.swift */; };
		4BC8C764294D617100434B2F /* portfolio.txt in Resources */ = {isa = PBXBuildFile; fileRef = 4BC8C763294D617100434B2F /* portfolio.txt */; };
		4BC8C769294D73D700434B2F /* FileStorageManager.swift in Sources */ = {isa = PBXBuildFile; fileRef = 4BC8C768294D73D700434B2F /* FileStorageManager.swift */; };
		4BD6BADC295A475F009577DE /* DividendManager.swift in Sources */ = {isa = PBXBuildFile; fileRef = 4BD6BADB295A475F009577DE /* DividendManager.swift */; };
		4BD6BADE295A6EC6009577DE /* PortfolioPositionDividendModel.swift in Sources */ = {isa = PBXBuildFile; fileRef = 4BD6BADD295A6EC6009577DE /* PortfolioPositionDividendModel.swift */; };
		4BD6BAE0295A6EF4009577DE /* DividendManagerProtocol.swift in Sources */ = {isa = PBXBuildFile; fileRef = 4BD6BADF295A6EF4009577DE /* DividendManagerProtocol.swift */; };
		4BD6BAE4295A7F5A009577DE /* PortfolioListEventsRowView.swift in Sources */ = {isa = PBXBuildFile; fileRef = 4BD6BAE3295A7F5A009577DE /* PortfolioListEventsRowView.swift */; };
		4BD6BAE6295A83C4009577DE /* PortfolioListEventsRowViewModel.swift in Sources */ = {isa = PBXBuildFile; fileRef = 4BD6BAE5295A83C4009577DE /* PortfolioListEventsRowViewModel.swift */; };
		4BD955C829A3279000DAAD2B /* DividendChartViewModel.swift in Sources */ = {isa = PBXBuildFile; fileRef = 4BD955C729A3279000DAAD2B /* DividendChartViewModel.swift */; };
		4BDBF42729E0ED0A00BE1EAA /* PortfolioListViewModel.swift in Sources */ = {isa = PBXBuildFile; fileRef = 4BDBF42629E0ED0A00BE1EAA /* PortfolioListViewModel.swift */; };
		4BFEB88429DBD2B600364BAA /* PortfolioHeaderSettingsViewModelTests.swift in Sources */ = {isa = PBXBuildFile; fileRef = 4BFEB88329DBD2B600364BAA /* PortfolioHeaderSettingsViewModelTests.swift */; };
		4BFEB88729DBD38A00364BAA /* PortfolioStorageSpy.swift in Sources */ = {isa = PBXBuildFile; fileRef = 4BFEB88629DBD38A00364BAA /* PortfolioStorageSpy.swift */; };
/* End PBXBuildFile section */

/* Begin PBXContainerItemProxy section */
		4BFEB87E29DBD2A400364BAA /* PBXContainerItemProxy */ = {
			isa = PBXContainerItemProxy;
			containerPortal = 4B90CF282940D96B006138EF /* Project object */;
			proxyType = 1;
			remoteGlobalIDString = 4B90CF2F2940D96B006138EF;
			remoteInfo = "Dividend Wallet";
		};
/* End PBXContainerItemProxy section */

/* Begin PBXFileReference section */
		4B156E42299C9FAA001E9C55 /* DividendChartView.swift */ = {isa = PBXFileReference; lastKnownFileType = sourcecode.swift; path = DividendChartView.swift; sourceTree = "<group>"; };
		4B366FD72977A6A400FBF721 /* WSApiClient.swift */ = {isa = PBXFileReference; lastKnownFileType = sourcecode.swift; path = WSApiClient.swift; sourceTree = "<group>"; };
		4B3B054B29E1CEEE006DEB13 /* PortfolioListViewModelTests.swift */ = {isa = PBXFileReference; lastKnownFileType = sourcecode.swift; path = PortfolioListViewModelTests.swift; sourceTree = "<group>"; };
		4B3B054F29E1D1B6006DEB13 /* Helper.swift */ = {isa = PBXFileReference; lastKnownFileType = sourcecode.swift; path = Helper.swift; sourceTree = "<group>"; };
		4B4104342956800E00D8B706 /* YFQuoteSummaryModel.swift */ = {isa = PBXFileReference; lastKnownFileType = sourcecode.swift; path = YFQuoteSummaryModel.swift; sourceTree = "<group>"; };
		4B52AE5A29DFC677001132C3 /* NotificationCenterManager.swift */ = {isa = PBXFileReference; lastKnownFileType = sourcecode.swift; path = NotificationCenterManager.swift; sourceTree = "<group>"; };
		4B52AE5E29DFD45A001132C3 /* PortfolioHeaderViewModelTests.swift */ = {isa = PBXFileReference; lastKnownFileType = sourcecode.swift; path = PortfolioHeaderViewModelTests.swift; sourceTree = "<group>"; };
		4B7102FE29BCEF9A004675E8 /* PortfolioHeaderSettingsViewModel.swift */ = {isa = PBXFileReference; lastKnownFileType = sourcecode.swift; path = PortfolioHeaderSettingsViewModel.swift; sourceTree = "<group>"; };
		4B74A6B72959960F00E28C4D /* PortfolioStorageProtocol.swift */ = {isa = PBXFileReference; lastKnownFileType = sourcecode.swift; path = PortfolioStorageProtocol.swift; sourceTree = "<group>"; };
		4B817441298A17BC007A9CD3 /* WSDividendEventModel.swift */ = {isa = PBXFileReference; lastKnownFileType = sourcecode.swift; path = WSDividendEventModel.swift; sourceTree = "<group>"; };
		4B90CF302940D96B006138EF /* Dividend Wallet.app */ = {isa = PBXFileReference; explicitFileType = wrapper.application; includeInIndex = 0; path = "Dividend Wallet.app"; sourceTree = BUILT_PRODUCTS_DIR; };
		4B90CF332940D96B006138EF /* DividendWalletApp.swift */ = {isa = PBXFileReference; lastKnownFileType = sourcecode.swift; path = DividendWalletApp.swift; sourceTree = "<group>"; };
		4B90CF352940D96B006138EF /* ContentView.swift */ = {isa = PBXFileReference; lastKnownFileType = sourcecode.swift; path = ContentView.swift; sourceTree = "<group>"; };
		4B90CF372940D96C006138EF /* Assets.xcassets */ = {isa = PBXFileReference; lastKnownFileType = folder.assetcatalog; path = Assets.xcassets; sourceTree = "<group>"; };
		4B90CF3A2940D96C006138EF /* Preview Assets.xcassets */ = {isa = PBXFileReference; lastKnownFileType = folder.assetcatalog; path = "Preview Assets.xcassets"; sourceTree = "<group>"; };
		4B90CF3C2940D96C006138EF /* DividendWallet.entitlements */ = {isa = PBXFileReference; lastKnownFileType = text.plist.entitlements; path = DividendWallet.entitlements; sourceTree = "<group>"; };
		4B90CF452940E7C2006138EF /* PortfolioListRowView.swift */ = {isa = PBXFileReference; lastKnownFileType = sourcecode.swift; path = PortfolioListRowView.swift; sourceTree = "<group>"; };
		4B90CF492940E80D006138EF /* PortfolioListView.swift */ = {isa = PBXFileReference; lastKnownFileType = sourcecode.swift; path = PortfolioListView.swift; sourceTree = "<group>"; };
		4B90CF532941054D006138EF /* YFQuoteResponseModel.swift */ = {isa = PBXFileReference; lastKnownFileType = sourcecode.swift; path = YFQuoteResponseModel.swift; sourceTree = "<group>"; };
		4B90CF5529411225006138EF /* YFApiClient.swift */ = {isa = PBXFileReference; lastKnownFileType = sourcecode.swift; path = YFApiClient.swift; sourceTree = "<group>"; };
		4B90CF5829411F02006138EF /* Constants.swift */ = {isa = PBXFileReference; lastKnownFileType = sourcecode.swift; path = Constants.swift; sourceTree = "<group>"; };
		4B90CF5E29415BED006138EF /* YFChartModel.swift */ = {isa = PBXFileReference; lastKnownFileType = sourcecode.swift; path = YFChartModel.swift; sourceTree = "<group>"; };
		4B90CF6029416D71006138EF /* PortfolioHeaderView.swift */ = {isa = PBXFileReference; lastKnownFileType = sourcecode.swift; path = PortfolioHeaderView.swift; sourceTree = "<group>"; };
		4B90CF6229417E76006138EF /* Helper.swift */ = {isa = PBXFileReference; lastKnownFileType = sourcecode.swift; path = Helper.swift; sourceTree = "<group>"; };
		4B90CF6A2941A24D006138EF /* PortfolioView.swift */ = {isa = PBXFileReference; lastKnownFileType = sourcecode.swift; path = PortfolioView.swift; sourceTree = "<group>"; };
		4B90CF702941A654006138EF /* PortfolioManager.swift */ = {isa = PBXFileReference; lastKnownFileType = sourcecode.swift; path = PortfolioManager.swift; sourceTree = "<group>"; };
		4B9CC79929BC1EAD00F39A74 /* PortfolioHeaderViewModel.swift */ = {isa = PBXFileReference; lastKnownFileType = sourcecode.swift; path = PortfolioHeaderViewModel.swift; sourceTree = "<group>"; };
		4BBE0FE3295389600018039F /* PortfolioHeaderSettingsView.swift */ = {isa = PBXFileReference; lastKnownFileType = sourcecode.swift; path = PortfolioHeaderSettingsView.swift; sourceTree = "<group>"; };
		4BC8C75D294D604500434B2F /* PortfolioPositionModel.swift */ = {isa = PBXFileReference; lastKnownFileType = sourcecode.swift; path = PortfolioPositionModel.swift; sourceTree = "<group>"; };
		4BC8C75F294D606600434B2F /* PortfolioListRowViewModel.swift */ = {isa = PBXFileReference; lastKnownFileType = sourcecode.swift; path = PortfolioListRowViewModel.swift; sourceTree = "<group>"; };
		4BC8C763294D617100434B2F /* portfolio.txt */ = {isa = PBXFileReference; lastKnownFileType = text; path = portfolio.txt; sourceTree = "<group>"; };
		4BC8C768294D73D700434B2F /* FileStorageManager.swift */ = {isa = PBXFileReference; lastKnownFileType = sourcecode.swift; path = FileStorageManager.swift; sourceTree = "<group>"; };
		4BD6BADB295A475F009577DE /* DividendManager.swift */ = {isa = PBXFileReference; lastKnownFileType = sourcecode.swift; path = DividendManager.swift; sourceTree = "<group>"; };
		4BD6BADD295A6EC6009577DE /* PortfolioPositionDividendModel.swift */ = {isa = PBXFileReference; lastKnownFileType = sourcecode.swift; path = PortfolioPositionDividendModel.swift; sourceTree = "<group>"; };
		4BD6BADF295A6EF4009577DE /* DividendManagerProtocol.swift */ = {isa = PBXFileReference; lastKnownFileType = sourcecode.swift; path = DividendManagerProtocol.swift; sourceTree = "<group>"; };
		4BD6BAE3295A7F5A009577DE /* PortfolioListEventsRowView.swift */ = {isa = PBXFileReference; lastKnownFileType = sourcecode.swift; path = PortfolioListEventsRowView.swift; sourceTree = "<group>"; };
		4BD6BAE5295A83C4009577DE /* PortfolioListEventsRowViewModel.swift */ = {isa = PBXFileReference; lastKnownFileType = sourcecode.swift; path = PortfolioListEventsRowViewModel.swift; sourceTree = "<group>"; };
		4BD955C729A3279000DAAD2B /* DividendChartViewModel.swift */ = {isa = PBXFileReference; lastKnownFileType = sourcecode.swift; path = DividendChartViewModel.swift; sourceTree = "<group>"; };
		4BDBF42629E0ED0A00BE1EAA /* PortfolioListViewModel.swift */ = {isa = PBXFileReference; lastKnownFileType = sourcecode.swift; path = PortfolioListViewModel.swift; sourceTree = "<group>"; };
		4BFEB87A29DBD2A300364BAA /* DividendWalletTests.xctest */ = {isa = PBXFileReference; explicitFileType = wrapper.cfbundle; includeInIndex = 0; path = DividendWalletTests.xctest; sourceTree = BUILT_PRODUCTS_DIR; };
		4BFEB88329DBD2B600364BAA /* PortfolioHeaderSettingsViewModelTests.swift */ = {isa = PBXFileReference; lastKnownFileType = sourcecode.swift; path = PortfolioHeaderSettingsViewModelTests.swift; sourceTree = "<group>"; };
		4BFEB88629DBD38A00364BAA /* PortfolioStorageSpy.swift */ = {isa = PBXFileReference; lastKnownFileType = sourcecode.swift; path = PortfolioStorageSpy.swift; sourceTree = "<group>"; };
/* End PBXFileReference section */

/* Begin PBXFrameworksBuildPhase section */
		4B90CF2D2940D96B006138EF /* Frameworks */ = {
			isa = PBXFrameworksBuildPhase;
			buildActionMask = 2147483647;
			files = (
				4B366FD52977A26C00FBF721 /* SwiftSoup in Frameworks */,
			);
			runOnlyForDeploymentPostprocessing = 0;
		};
		4BFEB87729DBD2A300364BAA /* Frameworks */ = {
			isa = PBXFrameworksBuildPhase;
			buildActionMask = 2147483647;
			files = (
			);
			runOnlyForDeploymentPostprocessing = 0;
		};
/* End PBXFrameworksBuildPhase section */

/* Begin PBXGroup section */
		4B156E41299C9F83001E9C55 /* DividendChartView */ = {
			isa = PBXGroup;
			children = (
				4B156E42299C9FAA001E9C55 /* DividendChartView.swift */,
				4BD955C729A3279000DAAD2B /* DividendChartViewModel.swift */,
			);
			path = DividendChartView;
			sourceTree = "<group>";
		};
		4B366FD62977A4EF00FBF721 /* WebScraper */ = {
			isa = PBXGroup;
			children = (
				4B366FD72977A6A400FBF721 /* WSApiClient.swift */,
				4B817441298A17BC007A9CD3 /* WSDividendEventModel.swift */,
			);
			path = WebScraper;
			sourceTree = "<group>";
		};
		4B3B054E29E1D1A8006DEB13 /* Common */ = {
			isa = PBXGroup;
			children = (
				4B3B054F29E1D1B6006DEB13 /* Helper.swift */,
			);
			path = Common;
			sourceTree = "<group>";
		};
		4B52AE5929DFC66A001132C3 /* NotificationCenterManager */ = {
			isa = PBXGroup;
			children = (
				4B52AE5A29DFC677001132C3 /* NotificationCenterManager.swift */,
			);
			path = NotificationCenterManager;
			sourceTree = "<group>";
		};
		4B74A6B6295995EF00E28C4D /* PortfolioStorageManager */ = {
			isa = PBXGroup;
			children = (
				4BC8C768294D73D700434B2F /* FileStorageManager.swift */,
				4B74A6B72959960F00E28C4D /* PortfolioStorageProtocol.swift */,
				4BC8C75D294D604500434B2F /* PortfolioPositionModel.swift */,
			);
			path = PortfolioStorageManager;
			sourceTree = "<group>";
		};
		4B90CF272940D96B006138EF = {
			isa = PBXGroup;
			children = (
				4B90CF322940D96B006138EF /* DividendWallet */,
				4BFEB87B29DBD2A400364BAA /* DividendWalletTests */,
				4B90CF312940D96B006138EF /* Products */,
			);
			sourceTree = "<group>";
		};
		4B90CF312940D96B006138EF /* Products */ = {
			isa = PBXGroup;
			children = (
				4B90CF302940D96B006138EF /* Dividend Wallet.app */,
				4BFEB87A29DBD2A300364BAA /* DividendWalletTests.xctest */,
			);
			name = Products;
			sourceTree = "<group>";
		};
		4B90CF322940D96B006138EF /* DividendWallet */ = {
			isa = PBXGroup;
			children = (
				4BC8C74C294D554600434B2F /* Components */,
				4BC8C761294D60BA00434B2F /* Managers */,
				4B90CF4F294103D9006138EF /* Network */,
				4B90CF5729411EF9006138EF /* Common */,
				4BC8C767294D689300434B2F /* Resources */,
				4B90CF332940D96B006138EF /* DividendWalletApp.swift */,
				4B90CF352940D96B006138EF /* ContentView.swift */,
				4B90CF372940D96C006138EF /* Assets.xcassets */,
				4B90CF3C2940D96C006138EF /* DividendWallet.entitlements */,
				4B90CF392940D96C006138EF /* Preview Content */,
			);
			path = DividendWallet;
			sourceTree = "<group>";
		};
		4B90CF392940D96C006138EF /* Preview Content */ = {
			isa = PBXGroup;
			children = (
				4B90CF3A2940D96C006138EF /* Preview Assets.xcassets */,
			);
			path = "Preview Content";
			sourceTree = "<group>";
		};
		4B90CF4F294103D9006138EF /* Network */ = {
			isa = PBXGroup;
			children = (
				4B366FD62977A4EF00FBF721 /* WebScraper */,
				4B90CF50294103E4006138EF /* YahooFinance */,
			);
			path = Network;
			sourceTree = "<group>";
		};
		4B90CF50294103E4006138EF /* YahooFinance */ = {
			isa = PBXGroup;
			children = (
				4B90CF5529411225006138EF /* YFApiClient.swift */,
				4B90CF532941054D006138EF /* YFQuoteResponseModel.swift */,
				4B90CF5E29415BED006138EF /* YFChartModel.swift */,
				4B4104342956800E00D8B706 /* YFQuoteSummaryModel.swift */,
			);
			path = YahooFinance;
			sourceTree = "<group>";
		};
		4B90CF5729411EF9006138EF /* Common */ = {
			isa = PBXGroup;
			children = (
				4B90CF5829411F02006138EF /* Constants.swift */,
				4B90CF6229417E76006138EF /* Helper.swift */,
			);
			path = Common;
			sourceTree = "<group>";
		};
		4BAF38E629C642A300509B6C /* PortfolioHeaderSettingsView */ = {
			isa = PBXGroup;
			children = (
				4BBE0FE3295389600018039F /* PortfolioHeaderSettingsView.swift */,
				4B7102FE29BCEF9A004675E8 /* PortfolioHeaderSettingsViewModel.swift */,
			);
			path = PortfolioHeaderSettingsView;
			sourceTree = "<group>";
		};
		4BB69702296BA67900B46646 /* PortfolioListRowView */ = {
			isa = PBXGroup;
			children = (
				4B90CF452940E7C2006138EF /* PortfolioListRowView.swift */,
				4BC8C75F294D606600434B2F /* PortfolioListRowViewModel.swift */,
			);
			path = PortfolioListRowView;
			sourceTree = "<group>";
		};
		4BB69703296BA7B200B46646 /* PortfolioListEventsRowView */ = {
			isa = PBXGroup;
			children = (
				4BD6BAE3295A7F5A009577DE /* PortfolioListEventsRowView.swift */,
				4BD6BAE5295A83C4009577DE /* PortfolioListEventsRowViewModel.swift */,
			);
			path = PortfolioListEventsRowView;
			sourceTree = "<group>";
		};
		4BB69704296BA90E00B46646 /* PortfolioHeaderView */ = {
			isa = PBXGroup;
			children = (
				4B90CF6029416D71006138EF /* PortfolioHeaderView.swift */,
				4B9CC79929BC1EAD00F39A74 /* PortfolioHeaderViewModel.swift */,
			);
			path = PortfolioHeaderView;
			sourceTree = "<group>";
		};
		4BB69705296BA95900B46646 /* PortfolioListView */ = {
			isa = PBXGroup;
			children = (
				4B90CF492940E80D006138EF /* PortfolioListView.swift */,
				4BDBF42629E0ED0A00BE1EAA /* PortfolioListViewModel.swift */,
				4BB69702296BA67900B46646 /* PortfolioListRowView */,
				4BB69703296BA7B200B46646 /* PortfolioListEventsRowView */,
			);
			path = PortfolioListView;
			sourceTree = "<group>";
		};
		4BC8C74C294D554600434B2F /* Components */ = {
			isa = PBXGroup;
			children = (
				4BB69704296BA90E00B46646 /* PortfolioHeaderView */,
				4BAF38E629C642A300509B6C /* PortfolioHeaderSettingsView */,
				4B156E41299C9F83001E9C55 /* DividendChartView */,
				4BB69705296BA95900B46646 /* PortfolioListView */,
				4B90CF6A2941A24D006138EF /* PortfolioView.swift */,
			);
			path = Components;
			sourceTree = "<group>";
		};
		4BC8C761294D60BA00434B2F /* Managers */ = {
			isa = PBXGroup;
			children = (
				4B52AE5929DFC66A001132C3 /* NotificationCenterManager */,
				4BD6BADA295A4745009577DE /* DividendManager */,
				4B74A6B6295995EF00E28C4D /* PortfolioStorageManager */,
				4B90CF702941A654006138EF /* PortfolioManager.swift */,
			);
			path = Managers;
			sourceTree = "<group>";
		};
		4BC8C767294D689300434B2F /* Resources */ = {
			isa = PBXGroup;
			children = (
				4BC8C763294D617100434B2F /* portfolio.txt */,
			);
			path = Resources;
			sourceTree = "<group>";
		};
		4BD6BADA295A4745009577DE /* DividendManager */ = {
			isa = PBXGroup;
			children = (
				4BD6BADB295A475F009577DE /* DividendManager.swift */,
				4BD6BADF295A6EF4009577DE /* DividendManagerProtocol.swift */,
				4BD6BADD295A6EC6009577DE /* PortfolioPositionDividendModel.swift */,
			);
			path = DividendManager;
			sourceTree = "<group>";
		};
		4BFEB87B29DBD2A400364BAA /* DividendWalletTests */ = {
			isa = PBXGroup;
			children = (
				4B3B054E29E1D1A8006DEB13 /* Common */,
				4BFEB88529DBD36C00364BAA /* Spy */,
				4BFEB88329DBD2B600364BAA /* PortfolioHeaderSettingsViewModelTests.swift */,
				4B52AE5E29DFD45A001132C3 /* PortfolioHeaderViewModelTests.swift */,
				4B3B054B29E1CEEE006DEB13 /* PortfolioListViewModelTests.swift */,
			);
			path = DividendWalletTests;
			sourceTree = "<group>";
		};
		4BFEB88529DBD36C00364BAA /* Spy */ = {
			isa = PBXGroup;
			children = (
				4BFEB88629DBD38A00364BAA /* PortfolioStorageSpy.swift */,
			);
			path = Spy;
			sourceTree = "<group>";
		};
/* End PBXGroup section */

/* Begin PBXNativeTarget section */
		4B90CF2F2940D96B006138EF /* Dividend Wallet */ = {
			isa = PBXNativeTarget;
			buildConfigurationList = 4B90CF3F2940D96C006138EF /* Build configuration list for PBXNativeTarget "Dividend Wallet" */;
			buildPhases = (
				4B90CF2C2940D96B006138EF /* Sources */,
				4B90CF2D2940D96B006138EF /* Frameworks */,
				4B90CF2E2940D96B006138EF /* Resources */,
			);
			buildRules = (
			);
			dependencies = (
			);
			name = "Dividend Wallet";
			packageProductDependencies = (
				4B366FD42977A26C00FBF721 /* SwiftSoup */,
			);
			productName = DividendWallet;
			productReference = 4B90CF302940D96B006138EF /* Dividend Wallet.app */;
			productType = "com.apple.product-type.application";
		};
		4BFEB87929DBD2A300364BAA /* DividendWalletTests */ = {
			isa = PBXNativeTarget;
			buildConfigurationList = 4BFEB88229DBD2A400364BAA /* Build configuration list for PBXNativeTarget "DividendWalletTests" */;
			buildPhases = (
				4BFEB87629DBD2A300364BAA /* Sources */,
				4BFEB87729DBD2A300364BAA /* Frameworks */,
				4BFEB87829DBD2A300364BAA /* Resources */,
			);
			buildRules = (
			);
			dependencies = (
				4BFEB87F29DBD2A400364BAA /* PBXTargetDependency */,
			);
			name = DividendWalletTests;
			productName = DividendWalletTests;
			productReference = 4BFEB87A29DBD2A300364BAA /* DividendWalletTests.xctest */;
			productType = "com.apple.product-type.bundle.unit-test";
		};
/* End PBXNativeTarget section */

/* Begin PBXProject section */
		4B90CF282940D96B006138EF /* Project object */ = {
			isa = PBXProject;
			attributes = {
				BuildIndependentTargetsInParallel = 1;
				LastSwiftUpdateCheck = 1430;
				LastUpgradeCheck = 1410;
				TargetAttributes = {
					4B90CF2F2940D96B006138EF = {
						CreatedOnToolsVersion = 14.1;
					};
					4BFEB87929DBD2A300364BAA = {
						CreatedOnToolsVersion = 14.3;
					};
				};
			};
			buildConfigurationList = 4B90CF2B2940D96B006138EF /* Build configuration list for PBXProject "DividendWallet" */;
			compatibilityVersion = "Xcode 14.0";
			developmentRegion = en;
			hasScannedForEncodings = 0;
			knownRegions = (
				en,
				Base,
			);
			mainGroup = 4B90CF272940D96B006138EF;
			packageReferences = (
				4B366FD32977A26C00FBF721 /* XCRemoteSwiftPackageReference "SwiftSoup" */,
			);
			productRefGroup = 4B90CF312940D96B006138EF /* Products */;
			projectDirPath = "";
			projectRoot = "";
			targets = (
				4B90CF2F2940D96B006138EF /* Dividend Wallet */,
				4BFEB87929DBD2A300364BAA /* DividendWalletTests */,
			);
		};
/* End PBXProject section */

/* Begin PBXResourcesBuildPhase section */
		4B90CF2E2940D96B006138EF /* Resources */ = {
			isa = PBXResourcesBuildPhase;
			buildActionMask = 2147483647;
			files = (
				4B90CF3B2940D96C006138EF /* Preview Assets.xcassets in Resources */,
				4B90CF382940D96C006138EF /* Assets.xcassets in Resources */,
				4BC8C764294D617100434B2F /* portfolio.txt in Resources */,
			);
			runOnlyForDeploymentPostprocessing = 0;
		};
		4BFEB87829DBD2A300364BAA /* Resources */ = {
			isa = PBXResourcesBuildPhase;
			buildActionMask = 2147483647;
			files = (
			);
			runOnlyForDeploymentPostprocessing = 0;
		};
/* End PBXResourcesBuildPhase section */

/* Begin PBXSourcesBuildPhase section */
		4B90CF2C2940D96B006138EF /* Sources */ = {
			isa = PBXSourcesBuildPhase;
			buildActionMask = 2147483647;
			files = (
				4B90CF4A2940E80D006138EF /* PortfolioListView.swift in Sources */,
				4BD6BAE0295A6EF4009577DE /* DividendManagerProtocol.swift in Sources */,
				4BD6BAE6295A83C4009577DE /* PortfolioListEventsRowViewModel.swift in Sources */,
				4B90CF542941054D006138EF /* YFQuoteResponseModel.swift in Sources */,
				4BD6BADE295A6EC6009577DE /* PortfolioPositionDividendModel.swift in Sources */,
				4BC8C769294D73D700434B2F /* FileStorageManager.swift in Sources */,
				4BD955C829A3279000DAAD2B /* DividendChartViewModel.swift in Sources */,
				4B817442298A17BC007A9CD3 /* WSDividendEventModel.swift in Sources */,
				4B90CF462940E7C2006138EF /* PortfolioListRowView.swift in Sources */,
				4B90CF362940D96B006138EF /* ContentView.swift in Sources */,
				4BC8C760294D606600434B2F /* PortfolioListRowViewModel.swift in Sources */,
				4B52AE5B29DFC677001132C3 /* NotificationCenterManager.swift in Sources */,
				4B7102FF29BCEF9A004675E8 /* PortfolioHeaderSettingsViewModel.swift in Sources */,
				4BDBF42729E0ED0A00BE1EAA /* PortfolioListViewModel.swift in Sources */,
				4B74A6B82959960F00E28C4D /* PortfolioStorageProtocol.swift in Sources */,
				4B90CF342940D96B006138EF /* DividendWalletApp.swift in Sources */,
				4B90CF6129416D71006138EF /* PortfolioHeaderView.swift in Sources */,
				4BD6BAE4295A7F5A009577DE /* PortfolioListEventsRowView.swift in Sources */,
				4B90CF712941A654006138EF /* PortfolioManager.swift in Sources */,
				4B90CF5629411225006138EF /* YFApiClient.swift in Sources */,
				4B90CF6329417E76006138EF /* Helper.swift in Sources */,
				4B90CF6B2941A24D006138EF /* PortfolioView.swift in Sources */,
				4B366FD82977A6A400FBF721 /* WSApiClient.swift in Sources */,
				4B4104352956800E00D8B706 /* YFQuoteSummaryModel.swift in Sources */,
				4B90CF5F29415BED006138EF /* YFChartModel.swift in Sources */,
				4BBE0FE4295389600018039F /* PortfolioHeaderSettingsView.swift in Sources */,
				4BD6BADC295A475F009577DE /* DividendManager.swift in Sources */,
				4B9CC79A29BC1EAD00F39A74 /* PortfolioHeaderViewModel.swift in Sources */,
				4B90CF5929411F02006138EF /* Constants.swift in Sources */,
				4B156E43299C9FAA001E9C55 /* DividendChartView.swift in Sources */,
				4BC8C75E294D604500434B2F /* PortfolioPositionModel.swift in Sources */,
			);
			runOnlyForDeploymentPostprocessing = 0;
		};
		4BFEB87629DBD2A300364BAA /* Sources */ = {
			isa = PBXSourcesBuildPhase;
			buildActionMask = 2147483647;
			files = (
				4B3B055129E1D24C006DEB13 /* PortfolioListRowViewModel.swift in Sources */,
				4B3B055229E1D24C006DEB13 /* PortfolioListEventsRowViewModel.swift in Sources */,
				4B3B054D29E1D151006DEB13 /* PortfolioListViewModel.swift in Sources */,
				4B82962929DFEFDB00A9C1C1 /* Constants.swift in Sources */,
				4B82962829DFEF7500A9C1C1 /* PortfolioStorageProtocol.swift in Sources */,
				4B82962729DFEF3600A9C1C1 /* PortfolioHeaderSettingsViewModel.swift in Sources */,
				4B82962629DFEEE000A9C1C1 /* PortfolioPositionModel.swift in Sources */,
				4B82962529DFEE9100A9C1C1 /* NotificationCenterManager.swift in Sources */,
				4B82962429DFEE8B00A9C1C1 /* PortfolioHeaderViewModel.swift in Sources */,
				4B82962329DFEE7800A9C1C1 /* PortfolioPositionDividendModel.swift in Sources */,
				4BFEB88429DBD2B600364BAA /* PortfolioHeaderSettingsViewModelTests.swift in Sources */,
				4B52AE5F29DFD45A001132C3 /* PortfolioHeaderViewModelTests.swift in Sources */,
				4B3B055029E1D1B6006DEB13 /* Helper.swift in Sources */,
				4B3B054C29E1CEEE006DEB13 /* PortfolioListViewModelTests.swift in Sources */,
				4BFEB88729DBD38A00364BAA /* PortfolioStorageSpy.swift in Sources */,
			);
			runOnlyForDeploymentPostprocessing = 0;
		};
/* End PBXSourcesBuildPhase section */

/* Begin PBXTargetDependency section */
		4BFEB87F29DBD2A400364BAA /* PBXTargetDependency */ = {
			isa = PBXTargetDependency;
			target = 4B90CF2F2940D96B006138EF /* Dividend Wallet */;
			targetProxy = 4BFEB87E29DBD2A400364BAA /* PBXContainerItemProxy */;
		};
/* End PBXTargetDependency section */

/* Begin XCBuildConfiguration section */
		4B90CF3D2940D96C006138EF /* Debug */ = {
			isa = XCBuildConfiguration;
			buildSettings = {
				ALWAYS_SEARCH_USER_PATHS = NO;
				CLANG_ANALYZER_NONNULL = YES;
				CLANG_ANALYZER_NUMBER_OBJECT_CONVERSION = YES_AGGRESSIVE;
				CLANG_CXX_LANGUAGE_STANDARD = "gnu++20";
				CLANG_ENABLE_MODULES = YES;
				CLANG_ENABLE_OBJC_ARC = YES;
				CLANG_ENABLE_OBJC_WEAK = YES;
				CLANG_WARN_BLOCK_CAPTURE_AUTORELEASING = YES;
				CLANG_WARN_BOOL_CONVERSION = YES;
				CLANG_WARN_COMMA = YES;
				CLANG_WARN_CONSTANT_CONVERSION = YES;
				CLANG_WARN_DEPRECATED_OBJC_IMPLEMENTATIONS = YES;
				CLANG_WARN_DIRECT_OBJC_ISA_USAGE = YES_ERROR;
				CLANG_WARN_DOCUMENTATION_COMMENTS = YES;
				CLANG_WARN_EMPTY_BODY = YES;
				CLANG_WARN_ENUM_CONVERSION = YES;
				CLANG_WARN_INFINITE_RECURSION = YES;
				CLANG_WARN_INT_CONVERSION = YES;
				CLANG_WARN_NON_LITERAL_NULL_CONVERSION = YES;
				CLANG_WARN_OBJC_IMPLICIT_RETAIN_SELF = YES;
				CLANG_WARN_OBJC_LITERAL_CONVERSION = YES;
				CLANG_WARN_OBJC_ROOT_CLASS = YES_ERROR;
				CLANG_WARN_QUOTED_INCLUDE_IN_FRAMEWORK_HEADER = YES;
				CLANG_WARN_RANGE_LOOP_ANALYSIS = YES;
				CLANG_WARN_STRICT_PROTOTYPES = YES;
				CLANG_WARN_SUSPICIOUS_MOVE = YES;
				CLANG_WARN_UNGUARDED_AVAILABILITY = YES_AGGRESSIVE;
				CLANG_WARN_UNREACHABLE_CODE = YES;
				CLANG_WARN__DUPLICATE_METHOD_MATCH = YES;
				COPY_PHASE_STRIP = NO;
				DEBUG_INFORMATION_FORMAT = dwarf;
				ENABLE_STRICT_OBJC_MSGSEND = YES;
				ENABLE_TESTABILITY = YES;
				GCC_C_LANGUAGE_STANDARD = gnu11;
				GCC_DYNAMIC_NO_PIC = NO;
				GCC_NO_COMMON_BLOCKS = YES;
				GCC_OPTIMIZATION_LEVEL = 0;
				GCC_PREPROCESSOR_DEFINITIONS = (
					"DEBUG=1",
					"$(inherited)",
				);
				GCC_WARN_64_TO_32_BIT_CONVERSION = YES;
				GCC_WARN_ABOUT_RETURN_TYPE = YES_ERROR;
				GCC_WARN_UNDECLARED_SELECTOR = YES;
				GCC_WARN_UNINITIALIZED_AUTOS = YES_AGGRESSIVE;
				GCC_WARN_UNUSED_FUNCTION = YES;
				GCC_WARN_UNUSED_VARIABLE = YES;
				MACOSX_DEPLOYMENT_TARGET = 13.0;
				MTL_ENABLE_DEBUG_INFO = INCLUDE_SOURCE;
				MTL_FAST_MATH = YES;
				ONLY_ACTIVE_ARCH = YES;
				SDKROOT = macosx;
				SWIFT_ACTIVE_COMPILATION_CONDITIONS = DEBUG;
				SWIFT_OPTIMIZATION_LEVEL = "-Onone";
			};
			name = Debug;
		};
		4B90CF3E2940D96C006138EF /* Release */ = {
			isa = XCBuildConfiguration;
			buildSettings = {
				ALWAYS_SEARCH_USER_PATHS = NO;
				CLANG_ANALYZER_NONNULL = YES;
				CLANG_ANALYZER_NUMBER_OBJECT_CONVERSION = YES_AGGRESSIVE;
				CLANG_CXX_LANGUAGE_STANDARD = "gnu++20";
				CLANG_ENABLE_MODULES = YES;
				CLANG_ENABLE_OBJC_ARC = YES;
				CLANG_ENABLE_OBJC_WEAK = YES;
				CLANG_WARN_BLOCK_CAPTURE_AUTORELEASING = YES;
				CLANG_WARN_BOOL_CONVERSION = YES;
				CLANG_WARN_COMMA = YES;
				CLANG_WARN_CONSTANT_CONVERSION = YES;
				CLANG_WARN_DEPRECATED_OBJC_IMPLEMENTATIONS = YES;
				CLANG_WARN_DIRECT_OBJC_ISA_USAGE = YES_ERROR;
				CLANG_WARN_DOCUMENTATION_COMMENTS = YES;
				CLANG_WARN_EMPTY_BODY = YES;
				CLANG_WARN_ENUM_CONVERSION = YES;
				CLANG_WARN_INFINITE_RECURSION = YES;
				CLANG_WARN_INT_CONVERSION = YES;
				CLANG_WARN_NON_LITERAL_NULL_CONVERSION = YES;
				CLANG_WARN_OBJC_IMPLICIT_RETAIN_SELF = YES;
				CLANG_WARN_OBJC_LITERAL_CONVERSION = YES;
				CLANG_WARN_OBJC_ROOT_CLASS = YES_ERROR;
				CLANG_WARN_QUOTED_INCLUDE_IN_FRAMEWORK_HEADER = YES;
				CLANG_WARN_RANGE_LOOP_ANALYSIS = YES;
				CLANG_WARN_STRICT_PROTOTYPES = YES;
				CLANG_WARN_SUSPICIOUS_MOVE = YES;
				CLANG_WARN_UNGUARDED_AVAILABILITY = YES_AGGRESSIVE;
				CLANG_WARN_UNREACHABLE_CODE = YES;
				CLANG_WARN__DUPLICATE_METHOD_MATCH = YES;
				COPY_PHASE_STRIP = NO;
				DEBUG_INFORMATION_FORMAT = "dwarf-with-dsym";
				ENABLE_NS_ASSERTIONS = NO;
				ENABLE_STRICT_OBJC_MSGSEND = YES;
				GCC_C_LANGUAGE_STANDARD = gnu11;
				GCC_NO_COMMON_BLOCKS = YES;
				GCC_WARN_64_TO_32_BIT_CONVERSION = YES;
				GCC_WARN_ABOUT_RETURN_TYPE = YES_ERROR;
				GCC_WARN_UNDECLARED_SELECTOR = YES;
				GCC_WARN_UNINITIALIZED_AUTOS = YES_AGGRESSIVE;
				GCC_WARN_UNUSED_FUNCTION = YES;
				GCC_WARN_UNUSED_VARIABLE = YES;
				MACOSX_DEPLOYMENT_TARGET = 13.0;
				MTL_ENABLE_DEBUG_INFO = NO;
				MTL_FAST_MATH = YES;
				SDKROOT = macosx;
				SWIFT_COMPILATION_MODE = wholemodule;
				SWIFT_OPTIMIZATION_LEVEL = "-O";
			};
			name = Release;
		};
		4B90CF402940D96C006138EF /* Debug */ = {
			isa = XCBuildConfiguration;
			buildSettings = {
				ASSETCATALOG_COMPILER_APPICON_NAME = AppIcon;
				ASSETCATALOG_COMPILER_GLOBAL_ACCENT_COLOR_NAME = AccentColor;
				CODE_SIGN_ENTITLEMENTS = DividendWallet/DividendWallet.entitlements;
				CODE_SIGN_STYLE = Automatic;
				COMBINE_HIDPI_IMAGES = YES;
				CURRENT_PROJECT_VERSION = 1;
				DEVELOPMENT_ASSET_PATHS = "\"DividendWallet/Preview Content\"";
				ENABLE_PREVIEWS = YES;
				GENERATE_INFOPLIST_FILE = YES;
				INFOPLIST_KEY_NSHumanReadableCopyright = "";
				LD_RUNPATH_SEARCH_PATHS = (
					"$(inherited)",
					"@executable_path/../Frameworks",
				);
				MARKETING_VERSION = 2.3;
				PRODUCT_BUNDLE_IDENTIFIER = com.jching.DividendWallet;
				PRODUCT_NAME = "$(TARGET_NAME)";
				SWIFT_EMIT_LOC_STRINGS = YES;
				SWIFT_VERSION = 5.0;
			};
			name = Debug;
		};
		4B90CF412940D96C006138EF /* Release */ = {
			isa = XCBuildConfiguration;
			buildSettings = {
				ASSETCATALOG_COMPILER_APPICON_NAME = AppIcon;
				ASSETCATALOG_COMPILER_GLOBAL_ACCENT_COLOR_NAME = AccentColor;
				CODE_SIGN_ENTITLEMENTS = DividendWallet/DividendWallet.entitlements;
				CODE_SIGN_STYLE = Automatic;
				COMBINE_HIDPI_IMAGES = YES;
				CURRENT_PROJECT_VERSION = 1;
				DEVELOPMENT_ASSET_PATHS = "\"DividendWallet/Preview Content\"";
				ENABLE_PREVIEWS = YES;
				GENERATE_INFOPLIST_FILE = YES;
				INFOPLIST_KEY_NSHumanReadableCopyright = "";
				LD_RUNPATH_SEARCH_PATHS = (
					"$(inherited)",
					"@executable_path/../Frameworks",
				);
				MARKETING_VERSION = 2.3;
				PRODUCT_BUNDLE_IDENTIFIER = com.jching.DividendWallet;
				PRODUCT_NAME = "$(TARGET_NAME)";
				SWIFT_EMIT_LOC_STRINGS = YES;
				SWIFT_VERSION = 5.0;
			};
			name = Release;
		};
		4BFEB88029DBD2A400364BAA /* Debug */ = {
			isa = XCBuildConfiguration;
			buildSettings = {
				CODE_SIGN_STYLE = Automatic;
				CURRENT_PROJECT_VERSION = 1;
				GENERATE_INFOPLIST_FILE = YES;
				MACOSX_DEPLOYMENT_TARGET = 13.2;
				MARKETING_VERSION = 1.0;
				PRODUCT_BUNDLE_IDENTIFIER = com.jching.DividendWalletTests;
				PRODUCT_NAME = "$(TARGET_NAME)";
				SWIFT_EMIT_LOC_STRINGS = NO;
				SWIFT_VERSION = 5.0;
			};
			name = Debug;
		};
		4BFEB88129DBD2A400364BAA /* Release */ = {
			isa = XCBuildConfiguration;
			buildSettings = {
				CODE_SIGN_STYLE = Automatic;
				CURRENT_PROJECT_VERSION = 1;
				GENERATE_INFOPLIST_FILE = YES;
				MACOSX_DEPLOYMENT_TARGET = 13.2;
				MARKETING_VERSION = 1.0;
				PRODUCT_BUNDLE_IDENTIFIER = com.jching.DividendWalletTests;
				PRODUCT_NAME = "$(TARGET_NAME)";
				SWIFT_EMIT_LOC_STRINGS = NO;
				SWIFT_VERSION = 5.0;
			};
			name = Release;
		};
/* End XCBuildConfiguration section */

/* Begin XCConfigurationList section */
		4B90CF2B2940D96B006138EF /* Build configuration list for PBXProject "DividendWallet" */ = {
			isa = XCConfigurationList;
			buildConfigurations = (
				4B90CF3D2940D96C006138EF /* Debug */,
				4B90CF3E2940D96C006138EF /* Release */,
			);
			defaultConfigurationIsVisible = 0;
			defaultConfigurationName = Release;
		};
		4B90CF3F2940D96C006138EF /* Build configuration list for PBXNativeTarget "Dividend Wallet" */ = {
			isa = XCConfigurationList;
			buildConfigurations = (
				4B90CF402940D96C006138EF /* Debug */,
				4B90CF412940D96C006138EF /* Release */,
			);
			defaultConfigurationIsVisible = 0;
			defaultConfigurationName = Release;
		};
		4BFEB88229DBD2A400364BAA /* Build configuration list for PBXNativeTarget "DividendWalletTests" */ = {
			isa = XCConfigurationList;
			buildConfigurations = (
				4BFEB88029DBD2A400364BAA /* Debug */,
				4BFEB88129DBD2A400364BAA /* Release */,
			);
			defaultConfigurationIsVisible = 0;
			defaultConfigurationName = Release;
		};
/* End XCConfigurationList section */

/* Begin XCRemoteSwiftPackageReference section */
		4B366FD32977A26C00FBF721 /* XCRemoteSwiftPackageReference "SwiftSoup" */ = {
			isa = XCRemoteSwiftPackageReference;
			repositoryURL = "https://github.com/scinfu/SwiftSoup.git";
			requirement = {
				branch = master;
				kind = branch;
			};
		};
/* End XCRemoteSwiftPackageReference section */

/* Begin XCSwiftPackageProductDependency section */
		4B366FD42977A26C00FBF721 /* SwiftSoup */ = {
			isa = XCSwiftPackageProductDependency;
			package = 4B366FD32977A26C00FBF721 /* XCRemoteSwiftPackageReference "SwiftSoup" */;
			productName = SwiftSoup;
		};
/* End XCSwiftPackageProductDependency section */
	};
	rootObject = 4B90CF282940D96B006138EF /* Project object */;
}
